
Microsoft Visual Studio Solution File, Format Version 12.00
# Visual Studio 15
VisualStudioVersion = 15.0.27004.2009
MinimumVisualStudioVersion = 10.0.40219.1
Project("{FAE04EC0-301F-11D3-BF4B-00C04F79EFBC}") = "Autoescuelas.Web", "Autoescuelas.Web\Autoescuelas.Web.csproj", "{54F97FF8-9544-4F85-B6F8-8741EE43BC18}"
EndProject
Project("{FAE04EC0-301F-11D3-BF4B-00C04F79EFBC}") = "Autoescuelas.PgConn", "Autoescuelas.PgConn\Autoescuelas.PgConn.csproj", "{8D7FAD8E-C5CF-4F89-A62E-C4203AF7D778}"
EndProject
Project("{FAE04EC0-301F-11D3-BF4B-00C04F79EFBC}") = "Autoescuelas.Dal", "Autoescuelas.Dal\Autoescuelas.Dal.csproj", "{DB88581F-FA6F-46BD-9FCE-436FD9DC1153}"
EndProject
Global
	GlobalSection(SolutionConfigurationPlatforms) = preSolution
		Debug|Any CPU = Debug|Any CPU
		Release|Any CPU = Release|Any CPU
	EndGlobalSection
	GlobalSection(ProjectConfigurationPlatforms) = postSolution
		{54F97FF8-9544-4F85-B6F8-8741EE43BC18}.Debug|Any CPU.ActiveCfg = Debug|Any CPU
		{54F97FF8-9544-4F85-B6F8-8741EE43BC18}.Debug|Any CPU.Build.0 = Debug|Any CPU
		{54F97FF8-9544-4F85-B6F8-8741EE43BC18}.Release|Any CPU.ActiveCfg = Release|Any CPU
		{54F97FF8-9544-4F85-B6F8-8741EE43BC18}.Release|Any CPU.Build.0 = Release|Any CPU
		{8D7FAD8E-C5CF-4F89-A62E-C4203AF7D778}.Debug|Any CPU.ActiveCfg = Debug|Any CPU
		{8D7FAD8E-C5CF-4F89-A62E-C4203AF7D778}.Debug|Any CPU.Build.0 = Debug|Any CPU
		{8D7FAD8E-C5CF-4F89-A62E-C4203AF7D778}.Release|Any CPU.ActiveCfg = Release|Any CPU
		{8D7FAD8E-C5CF-4F89-A62E-C4203AF7D778}.Release|Any CPU.Build.0 = Release|Any CPU
		{DB88581F-FA6F-46BD-9FCE-436FD9DC1153}.Debug|Any CPU.ActiveCfg = Debug|Any CPU
		{DB88581F-FA6F-46BD-9FCE-436FD9DC1153}.Debug|Any CPU.Build.0 = Debug|Any CPU
		{DB88581F-FA6F-46BD-9FCE-436FD9DC1153}.Release|Any CPU.ActiveCfg = Release|Any CPU
		{DB88581F-FA6F-46BD-9FCE-436FD9DC1153}.Release|Any CPU.Build.0 = Release|Any CPU
	EndGlobalSection
	GlobalSection(SolutionProperties) = preSolution
		HideSolutionNode = FALSE
	EndGlobalSection
	GlobalSection(ExtensibilityGlobals) = postSolution
		SolutionGuid = {A6B8DC71-CB07-4A16-A197-D884C2DCC4AD}
	EndGlobalSection
EndGlobal
